
Microsoft Visual Studio Solution File, Format Version 12.00
# Visual Studio Version 17
VisualStudioVersion = 17.6.33829.357
MinimumVisualStudioVersion = 10.0.40219.1
Project("{8BC9CEB8-8B4A-11D0-8D11-00A0C91BC942}") = "zero_size_encryption", "zero_size_encryption\zero_size_encryption.vcxproj", "{16C46474-2704-446A-AAF4-AC6E22331851}"
EndProject
Project("{8BC9CEB8-8B4A-11D0-8D11-00A0C91BC942}") = "test_zero", "test_zero\test_zero.vcxproj", "{0D9FE850-4BF3-4756-B229-80A333EF40CD}"
	ProjectSection(ProjectDependencies) = postProject
		{16C46474-2704-446A-AAF4-AC6E22331851} = {16C46474-2704-446A-AAF4-AC6E22331851}
	EndProjectSection
EndProject
Global
	GlobalSection(SolutionConfigurationPlatforms) = preSolution
		Debug|Any CPU = Debug|Any CPU
		Debug|x64 = Debug|x64
		Debug|x86 = Debug|x86
		Release|Any CPU = Release|Any CPU
		Release|x64 = Release|x64
		Release|x86 = Release|x86
	EndGlobalSection
	GlobalSection(ProjectConfigurationPlatforms) = postSolution
		{16C46474-2704-446A-AAF4-AC6E22331851}.Debug|Any CPU.ActiveCfg = Debug|x64
		{16C46474-2704-446A-AAF4-AC6E22331851}.Debug|Any CPU.Build.0 = Debug|x64
		{16C46474-2704-446A-AAF4-AC6E22331851}.Debug|x64.ActiveCfg = Debug|x64
		{16C46474-2704-446A-AAF4-AC6E22331851}.Debug|x64.Build.0 = Debug|x64
		{16C46474-2704-446A-AAF4-AC6E22331851}.Debug|x86.ActiveCfg = Debug|Win32
		{16C46474-2704-446A-AAF4-AC6E22331851}.Debug|x86.Build.0 = Debug|Win32
		{16C46474-2704-446A-AAF4-AC6E22331851}.Release|Any CPU.ActiveCfg = Release|x64
		{16C46474-2704-446A-AAF4-AC6E22331851}.Release|Any CPU.Build.0 = Release|x64
		{16C46474-2704-446A-AAF4-AC6E22331851}.Release|x64.ActiveCfg = Release|x64
		{16C46474-2704-446A-AAF4-AC6E22331851}.Release|x64.Build.0 = Release|x64
		{16C46474-2704-446A-AAF4-AC6E22331851}.Release|x86.ActiveCfg = Release|Win32
		{16C46474-2704-446A-AAF4-AC6E22331851}.Release|x86.Build.0 = Release|Win32
		{0D9FE850-4BF3-4756-B229-80A333EF40CD}.Debug|Any CPU.ActiveCfg = Debug|x64
		{0D9FE850-4BF3-4756-B229-80A333EF40CD}.Debug|Any CPU.Build.0 = Debug|x64
		{0D9FE850-4BF3-4756-B229-80A333EF40CD}.Debug|x64.ActiveCfg = Debug|x64
		{0D9FE850-4BF3-4756-B229-80A333EF40CD}.Debug|x64.Build.0 = Debug|x64
		{0D9FE850-4BF3-4756-B229-80A333EF40CD}.Debug|x86.ActiveCfg = Debug|Win32
		{0D9FE850-4BF3-4756-B229-80A333EF40CD}.Debug|x86.Build.0 = Debug|Win32
		{0D9FE850-4BF3-4756-B229-80A333EF40CD}.Release|Any CPU.ActiveCfg = Release|x64
		{0D9FE850-4BF3-4756-B229-80A333EF40CD}.Release|Any CPU.Build.0 = Release|x64
		{0D9FE850-4BF3-4756-B229-80A333EF40CD}.Release|x64.ActiveCfg = Release|x64
		{0D9FE850-4BF3-4756-B229-80A333EF40CD}.Release|x64.Build.0 = Release|x64
		{0D9FE850-4BF3-4756-B229-80A333EF40CD}.Release|x86.ActiveCfg = Release|Win32
		{0D9FE850-4BF3-4756-B229-80A333EF40CD}.Release|x86.Build.0 = Release|Win32
	EndGlobalSection
	GlobalSection(SolutionProperties) = preSolution
		HideSolutionNode = FALSE
	EndGlobalSection
	GlobalSection(ExtensibilityGlobals) = postSolution
		SolutionGuid = {22261B84-FE3D-414F-86FB-08A29286E861}
	EndGlobalSection
EndGlobal
